{
  "name": "pjs",
  "version": "0.2.0",
  "lockfileVersion": 1,
  "requires": true,
  "dependencies": {
    "font-awesome": {
      "version": "4.7.0",
      "resolved": "https://registry.npmjs.org/font-awesome/-/font-awesome-4.7.0.tgz",
      "integrity": "sha1-j6jPBBGhoxr9B7BtKQK7n8gVoTM="
    },
    "jim-js": {
      "version": "0.2.3",
      "resolved": "https://registry.npmjs.org/jim-js/-/jim-js-0.2.3.tgz",
      "integrity": "sha512-wqO3BCjRb6yUX3CCiO/xb/AFF10I7Ga/GeP8dK6DzAMML2/89x8RR7R3M1MpT0hYbix8E+2wqWMewg2c0laVFQ=="
    },
    "sam.scss": {
      "version": "0.2.0",
      "resolved": "https://registry.npmjs.org/sam.scss/-/sam.scss-0.2.0.tgz",
      "integrity": "sha512-hY7TmMvR9naqDl2QZpRgirsPIOZxzK5N/Hf3r4BK239du9umnRHkYc1gqH9esRndjYCKgqtV6L82kXn1XHqBSw=="
    }
  }
}
