{
  "name": "pjs",
  "version": "0.2.0",
  "lockfileVersion": 1,
  "requires": true,
  "dependencies": {
    "font-awesome": {
      "version": "4.7.0",
      "resolved": "https://registry.npmjs.org/font-awesome/-/font-awesome-4.7.0.tgz",
      "integrity": "sha1-j6jPBBGhoxr9B7BtKQK7n8gVoTM="
    },
    "jim-js": {
      "version": "0.2.0",
      "resolved": "https://registry.npmjs.org/jim-js/-/jim-js-0.2.0.tgz",
      "integrity": "sha512-gvaxWegvguYbJSmVs5ghc3ISv6mbG4hXjQZ+sfz7WXkb7FfMs0wNMdsxGNiMumpSOx9I6jIprEyoNBUtzmKrQw=="
    },
    "sam.scss": {
      "version": "0.2.4",
      "resolved": "https://registry.npmjs.org/sam.scss/-/sam.scss-0.2.4.tgz",
      "integrity": "sha512-370eXJvs3kPjOp2VNVAkpXayR7nMkHeDrQqcsYN5k2ZmdnlPD/NPup1lm9nU6p6KIycCz4sWdEte/EseaWsKTQ=="
    }
  }
}
