{
  "name": "pjs",
  "version": "0.2.0",
  "lockfileVersion": 1,
  "requires": true,
  "dependencies": {
    "font-awesome": {
      "version": "4.7.0",
      "resolved": "https://registry.npmjs.org/font-awesome/-/font-awesome-4.7.0.tgz",
      "integrity": "sha1-j6jPBBGhoxr9B7BtKQK7n8gVoTM="
    },
    "jim-js": {
      "version": "0.2.1",
      "resolved": "https://registry.npmjs.org/jim-js/-/jim-js-0.2.1.tgz",
      "integrity": "sha512-vjw809rYVYLZ94a/dWHDJ6Nkl9OUWCyoRCQLOipQEXlz21vxpVx1r0tX8HrJRS5RSO3VL7HhZzLF8SbcyJNCRA=="
    },
    "sam.scss": {
      "version": "0.2.0",
      "resolved": "https://registry.npmjs.org/sam.scss/-/sam.scss-0.2.0.tgz",
      "integrity": "sha512-hY7TmMvR9naqDl2QZpRgirsPIOZxzK5N/Hf3r4BK239du9umnRHkYc1gqH9esRndjYCKgqtV6L82kXn1XHqBSw=="
    }
  }
}
